
Microsoft Visual Studio Solution File, Format Version 12.00
# Visual Studio Version 17
VisualStudioVersion = 17.14.36930.0 d17.14
MinimumVisualStudioVersion = 10.0.40219.1
Project("{FAE04EC0-301F-11D3-BF4B-00C04F79EFBC}") = "OCR_Project", "OCR_Project\OCR_Project.csproj", "{C2C7105A-6101-4EFF-B625-94C7D5DA7762}"
EndProject
Global
	GlobalSection(SolutionConfigurationPlatforms) = preSolution
		Debug|Any CPU = Debug|Any CPU
		Release|Any CPU = Release|Any CPU
	EndGlobalSection
	GlobalSection(ProjectConfigurationPlatforms) = postSolution
		{C2C7105A-6101-4EFF-B625-94C7D5DA7762}.Debug|Any CPU.ActiveCfg = Debug|Any CPU
		{C2C7105A-6101-4EFF-B625-94C7D5DA7762}.Debug|Any CPU.Build.0 = Debug|Any CPU
		{C2C7105A-6101-4EFF-B625-94C7D5DA7762}.Release|Any CPU.ActiveCfg = Release|Any CPU
		{C2C7105A-6101-4EFF-B625-94C7D5DA7762}.Release|Any CPU.Build.0 = Release|Any CPU
	EndGlobalSection
	GlobalSection(SolutionProperties) = preSolution
		HideSolutionNode = FALSE
	EndGlobalSection
	GlobalSection(ExtensibilityGlobals) = postSolution
		SolutionGuid = {EBB29D4E-5BFE-49EF-A140-71BE1373CC98}
	EndGlobalSection
EndGlobal
